// !$*UTF8*$!
{
	archiveVersion = 1;
	classes = {
	};
	objectVersion = 46;
	objects = {

/* Begin PBXBuildFile section */
		F80A31601CB88BF600F01E8E /* AppDelegate.swift in Sources */ = {isa = PBXBuildFile; fileRef = F80A315F1CB88BF600F01E8E /* AppDelegate.swift */; };
		F80A31621CB88BF600F01E8E /* ViewController.swift in Sources */ = {isa = PBXBuildFile; fileRef = F80A31611CB88BF600F01E8E /* ViewController.swift */; };
		F80A31651CB88BF600F01E8E /* Main.storyboard in Resources */ = {isa = PBXBuildFile; fileRef = F80A31631CB88BF600F01E8E /* Main.storyboard */; };
		F80A31671CB88BF600F01E8E /* Assets.xcassets in Resources */ = {isa = PBXBuildFile; fileRef = F80A31661CB88BF600F01E8E /* Assets.xcassets */; };
		F80A316A1CB88BF600F01E8E /* LaunchScreen.storyboard in Resources */ = {isa = PBXBuildFile; fileRef = F80A31681CB88BF600F01E8E /* LaunchScreen.storyboard */; };
		F80A31751CB88BF600F01E8E /* RestaurantAppTests.swift in Sources */ = {isa = PBXBuildFile; fileRef = F80A31741CB88BF600F01E8E /* RestaurantAppTests.swift */; };
		F80A31801CB88BF600F01E8E /* RestaurantAppUITests.swift in Sources */ = {isa = PBXBuildFile; fileRef = F80A317F1CB88BF600F01E8E /* RestaurantAppUITests.swift */; };
		F80A31901CB8AA0300F01E8E /* RestaurantsTableViewController.swift in Sources */ = {isa = PBXBuildFile; fileRef = F80A318F1CB8AA0300F01E8E /* RestaurantsTableViewController.swift */; };
		F8563D491CBB80FB00A58796 /* Restaurant.swift in Sources */ = {isa = PBXBuildFile; fileRef = F8563D481CBB80FB00A58796 /* Restaurant.swift */; };
		F897A4001CBB8DA9005F5825 /* DetailTableViewController.swift in Sources */ = {isa = PBXBuildFile; fileRef = F897A3FF1CBB8DA9005F5825 /* DetailTableViewController.swift */; };
		F897A4021CBB97C2005F5825 /* DetailTableViewCell.swift in Sources */ = {isa = PBXBuildFile; fileRef = F897A4011CBB97C2005F5825 /* DetailTableViewCell.swift */; };
		F8A364A31CBE2BB2006706BA /* MapKit.framework in Frameworks */ = {isa = PBXBuildFile; fileRef = F8A364A21CBE2BB2006706BA /* MapKit.framework */; };
		F8A364A51CBE4168006706BA /* MapViewController.swift in Sources */ = {isa = PBXBuildFile; fileRef = F8A364A41CBE4168006706BA /* MapViewController.swift */; };
		F8AE68FE1CB8E01B009490E2 /* CustomTableViewCell.swift in Sources */ = {isa = PBXBuildFile; fileRef = F8AE68FD1CB8E01B009490E2 /* CustomTableViewCell.swift */; };
		F8C005D11CBDEFA600AF8431 /* ReviewViewController.swift in Sources */ = {isa = PBXBuildFile; fileRef = F8C005D01CBDEFA600AF8431 /* ReviewViewController.swift */; };
/* End PBXBuildFile section */

/* Begin PBXContainerItemProxy section */
		F80A31711CB88BF600F01E8E /* PBXContainerItemProxy */ = {
			isa = PBXContainerItemProxy;
			containerPortal = F80A31541CB88BF600F01E8E /* Project object */;
			proxyType = 1;
			remoteGlobalIDString = F80A315B1CB88BF600F01E8E;
			remoteInfo = RestaurantApp;
		};
		F80A317C1CB88BF600F01E8E /* PBXContainerItemProxy */ = {
			isa = PBXContainerItemProxy;
			containerPortal = F80A31541CB88BF600F01E8E /* Project object */;
			proxyType = 1;
			remoteGlobalIDString = F80A315B1CB88BF600F01E8E;
			remoteInfo = RestaurantApp;
		};
/* End PBXContainerItemProxy section */

/* Begin PBXFileReference section */
		F80A315C1CB88BF600F01E8E /* 吃货点评.app */ = {isa = PBXFileReference; explicitFileType = wrapper.application; includeInIndex = 0; path = "吃货点评.app"; sourceTree = BUILT_PRODUCTS_DIR; };
		F80A315F1CB88BF600F01E8E /* AppDelegate.swift */ = {isa = PBXFileReference; lastKnownFileType = sourcecode.swift; path = AppDelegate.swift; sourceTree = "<group>"; };
		F80A31611CB88BF600F01E8E /* ViewController.swift */ = {isa = PBXFileReference; lastKnownFileType = sourcecode.swift; path = ViewController.swift; sourceTree = "<group>"; };
		F80A31641CB88BF600F01E8E /* Base */ = {isa = PBXFileReference; lastKnownFileType = file.storyboard; name = Base; path = Base.lproj/Main.storyboard; sourceTree = "<group>"; };
		F80A31661CB88BF600F01E8E /* Assets.xcassets */ = {isa = PBXFileReference; lastKnownFileType = folder.assetcatalog; path = Assets.xcassets; sourceTree = "<group>"; };
		F80A31691CB88BF600F01E8E /* Base */ = {isa = PBXFileReference; lastKnownFileType = file.storyboard; name = Base; path = Base.lproj/LaunchScreen.storyboard; sourceTree = "<group>"; };
		F80A316B1CB88BF600F01E8E /* Info.plist */ = {isa = PBXFileReference; lastKnownFileType = text.plist.xml; path = Info.plist; sourceTree = "<group>"; };
		F80A31701CB88BF600F01E8E /* RestaurantAppTests.xctest */ = {isa = PBXFileReference; explicitFileType = wrapper.cfbundle; includeInIndex = 0; path = RestaurantAppTests.xctest; sourceTree = BUILT_PRODUCTS_DIR; };
		F80A31741CB88BF600F01E8E /* RestaurantAppTests.swift */ = {isa = PBXFileReference; lastKnownFileType = sourcecode.swift; path = RestaurantAppTests.swift; sourceTree = "<group>"; };
		F80A31761CB88BF600F01E8E /* Info.plist */ = {isa = PBXFileReference; lastKnownFileType = text.plist.xml; path = Info.plist; sourceTree = "<group>"; };
		F80A317B1CB88BF600F01E8E /* RestaurantAppUITests.xctest */ = {isa = PBXFileReference; explicitFileType = wrapper.cfbundle; includeInIndex = 0; path = RestaurantAppUITests.xctest; sourceTree = BUILT_PRODUCTS_DIR; };
		F80A317F1CB88BF600F01E8E /* RestaurantAppUITests.swift */ = {isa = PBXFileReference; lastKnownFileType = sourcecode.swift; path = RestaurantAppUITests.swift; sourceTree = "<group>"; };
		F80A31811CB88BF600F01E8E /* Info.plist */ = {isa = PBXFileReference; lastKnownFileType = text.plist.xml; path = Info.plist; sourceTree = "<group>"; };
		F80A318F1CB8AA0300F01E8E /* RestaurantsTableViewController.swift */ = {isa = PBXFileReference; fileEncoding = 4; lastKnownFileType = sourcecode.swift; path = RestaurantsTableViewController.swift; sourceTree = "<group>"; };
		F8563D481CBB80FB00A58796 /* Restaurant.swift */ = {isa = PBXFileReference; fileEncoding = 4; lastKnownFileType = sourcecode.swift; path = Restaurant.swift; sourceTree = "<group>"; };
		F897A3FC1CBB81E0005F5825 /* DemoTest.playground */ = {isa = PBXFileReference; lastKnownFileType = file.playground; path = DemoTest.playground; sourceTree = "<group>"; };
		F897A3FF1CBB8DA9005F5825 /* DetailTableViewController.swift */ = {isa = PBXFileReference; fileEncoding = 4; lastKnownFileType = sourcecode.swift; path = DetailTableViewController.swift; sourceTree = "<group>"; };
		F897A4011CBB97C2005F5825 /* DetailTableViewCell.swift */ = {isa = PBXFileReference; fileEncoding = 4; lastKnownFileType = sourcecode.swift; path = DetailTableViewCell.swift; sourceTree = "<group>"; };
		F8A364A21CBE2BB2006706BA /* MapKit.framework */ = {isa = PBXFileReference; lastKnownFileType = wrapper.framework; name = MapKit.framework; path = System/Library/Frameworks/MapKit.framework; sourceTree = SDKROOT; };
		F8A364A41CBE4168006706BA /* MapViewController.swift */ = {isa = PBXFileReference; fileEncoding = 4; lastKnownFileType = sourcecode.swift; path = MapViewController.swift; sourceTree = "<group>"; };
		F8AE68FD1CB8E01B009490E2 /* CustomTableViewCell.swift */ = {isa = PBXFileReference; fileEncoding = 4; lastKnownFileType = sourcecode.swift; path = CustomTableViewCell.swift; sourceTree = "<group>"; };
		F8C005D01CBDEFA600AF8431 /* ReviewViewController.swift */ = {isa = PBXFileReference; fileEncoding = 4; lastKnownFileType = sourcecode.swift; path = ReviewViewController.swift; sourceTree = "<group>"; };
/* End PBXFileReference section */

/* Begin PBXFrameworksBuildPhase section */
		F80A31591CB88BF600F01E8E /* Frameworks */ = {
			isa = PBXFrameworksBuildPhase;
			buildActionMask = 2147483647;
			files = (
				F8A364A31CBE2BB2006706BA /* MapKit.framework in Frameworks */,
			);
			runOnlyForDeploymentPostprocessing = 0;
		};
		F80A316D1CB88BF600F01E8E /* Frameworks */ = {
			isa = PBXFrameworksBuildPhase;
			buildActionMask = 2147483647;
			files = (
			);
			runOnlyForDeploymentPostprocessing = 0;
		};
		F80A31781CB88BF600F01E8E /* Frameworks */ = {
			isa = PBXFrameworksBuildPhase;
			buildActionMask = 2147483647;
			files = (
			);
			runOnlyForDeploymentPostprocessing = 0;
		};
/* End PBXFrameworksBuildPhase section */

/* Begin PBXGroup section */
		F80A31531CB88BF600F01E8E = {
			isa = PBXGroup;
			children = (
				F8A364A21CBE2BB2006706BA /* MapKit.framework */,
				F80A315E1CB88BF600F01E8E /* RestaurantApp */,
				F80A31731CB88BF600F01E8E /* RestaurantAppTests */,
				F80A317E1CB88BF600F01E8E /* RestaurantAppUITests */,
				F80A315D1CB88BF600F01E8E /* Products */,
			);
			sourceTree = "<group>";
		};
		F80A315D1CB88BF600F01E8E /* Products */ = {
			isa = PBXGroup;
			children = (
				F80A315C1CB88BF600F01E8E /* 吃货点评.app */,
				F80A31701CB88BF600F01E8E /* RestaurantAppTests.xctest */,
				F80A317B1CB88BF600F01E8E /* RestaurantAppUITests.xctest */,
			);
			name = Products;
			sourceTree = "<group>";
		};
		F80A315E1CB88BF600F01E8E /* RestaurantApp */ = {
			isa = PBXGroup;
			children = (
				F80A315F1CB88BF600F01E8E /* AppDelegate.swift */,
				F80A31611CB88BF600F01E8E /* ViewController.swift */,
				F80A31631CB88BF600F01E8E /* Main.storyboard */,
				F80A31661CB88BF600F01E8E /* Assets.xcassets */,
				F80A31681CB88BF600F01E8E /* LaunchScreen.storyboard */,
				F80A316B1CB88BF600F01E8E /* Info.plist */,
				F80A318F1CB8AA0300F01E8E /* RestaurantsTableViewController.swift */,
				F8AE68FD1CB8E01B009490E2 /* CustomTableViewCell.swift */,
				F8563D481CBB80FB00A58796 /* Restaurant.swift */,
				F897A3FC1CBB81E0005F5825 /* DemoTest.playground */,
				F897A3FF1CBB8DA9005F5825 /* DetailTableViewController.swift */,
				F897A4011CBB97C2005F5825 /* DetailTableViewCell.swift */,
				F8C005D01CBDEFA600AF8431 /* ReviewViewController.swift */,
				F8A364A41CBE4168006706BA /* MapViewController.swift */,
			);
			path = RestaurantApp;
			sourceTree = "<group>";
		};
		F80A31731CB88BF600F01E8E /* RestaurantAppTests */ = {
			isa = PBXGroup;
			children = (
				F80A31741CB88BF600F01E8E /* RestaurantAppTests.swift */,
				F80A31761CB88BF600F01E8E /* Info.plist */,
			);
			path = RestaurantAppTests;
			sourceTree = "<group>";
		};
		F80A317E1CB88BF600F01E8E /* RestaurantAppUITests */ = {
			isa = PBXGroup;
			children = (
				F80A317F1CB88BF600F01E8E /* RestaurantAppUITests.swift */,
				F80A31811CB88BF600F01E8E /* Info.plist */,
			);
			path = RestaurantAppUITests;
			sourceTree = "<group>";
		};
/* End PBXGroup section */

/* Begin PBXNativeTarget section */
		F80A315B1CB88BF600F01E8E /* RestaurantApp */ = {
			isa = PBXNativeTarget;
			buildConfigurationList = F80A31841CB88BF600F01E8E /* Build configuration list for PBXNativeTarget "RestaurantApp" */;
			buildPhases = (
				F80A31581CB88BF600F01E8E /* Sources */,
				F80A31591CB88BF600F01E8E /* Frameworks */,
				F80A315A1CB88BF600F01E8E /* Resources */,
			);
			buildRules = (
			);
			dependencies = (
			);
			name = RestaurantApp;
			productName = RestaurantApp;
			productReference = F80A315C1CB88BF600F01E8E /* 吃货点评.app */;
			productType = "com.apple.product-type.application";
		};
		F80A316F1CB88BF600F01E8E /* RestaurantAppTests */ = {
			isa = PBXNativeTarget;
			buildConfigurationList = F80A31871CB88BF600F01E8E /* Build configuration list for PBXNativeTarget "RestaurantAppTests" */;
			buildPhases = (
				F80A316C1CB88BF600F01E8E /* Sources */,
				F80A316D1CB88BF600F01E8E /* Frameworks */,
				F80A316E1CB88BF600F01E8E /* Resources */,
			);
			buildRules = (
			);
			dependencies = (
				F80A31721CB88BF600F01E8E /* PBXTargetDependency */,
			);
			name = RestaurantAppTests;
			productName = RestaurantAppTests;
			productReference = F80A31701CB88BF600F01E8E /* RestaurantAppTests.xctest */;
			productType = "com.apple.product-type.bundle.unit-test";
		};
		F80A317A1CB88BF600F01E8E /* RestaurantAppUITests */ = {
			isa = PBXNativeTarget;
			buildConfigurationList = F80A318A1CB88BF600F01E8E /* Build configuration list for PBXNativeTarget "RestaurantAppUITests" */;
			buildPhases = (
				F80A31771CB88BF600F01E8E /* Sources */,
				F80A31781CB88BF600F01E8E /* Frameworks */,
				F80A31791CB88BF600F01E8E /* Resources */,
			);
			buildRules = (
			);
			dependencies = (
				F80A317D1CB88BF600F01E8E /* PBXTargetDependency */,
			);
			name = RestaurantAppUITests;
			productName = RestaurantAppUITests;
			productReference = F80A317B1CB88BF600F01E8E /* RestaurantAppUITests.xctest */;
			productType = "com.apple.product-type.bundle.ui-testing";
		};
/* End PBXNativeTarget section */

/* Begin PBXProject section */
		F80A31541CB88BF600F01E8E /* Project object */ = {
			isa = PBXProject;
			attributes = {
				LastSwiftUpdateCheck = 0730;
				LastUpgradeCheck = 0730;
				ORGANIZATIONNAME = TonyShmily;
				TargetAttributes = {
					F80A315B1CB88BF600F01E8E = {
						CreatedOnToolsVersion = 7.3;
						DevelopmentTeam = 6TECCFBQ3Q;
						SystemCapabilities = {
							com.apple.Maps.iOS = {
								enabled = 1;
							};
						};
					};
					F80A316F1CB88BF600F01E8E = {
						CreatedOnToolsVersion = 7.3;
						DevelopmentTeam = 6TECCFBQ3Q;
						TestTargetID = F80A315B1CB88BF600F01E8E;
					};
					F80A317A1CB88BF600F01E8E = {
						CreatedOnToolsVersion = 7.3;
						DevelopmentTeam = 6TECCFBQ3Q;
						TestTargetID = F80A315B1CB88BF600F01E8E;
					};
				};
			};
			buildConfigurationList = F80A31571CB88BF600F01E8E /* Build configuration list for PBXProject "RestaurantApp" */;
			compatibilityVersion = "Xcode 3.2";
			developmentRegion = English;
			hasScannedForEncodings = 0;
			knownRegions = (
				en,
				Base,
			);
			mainGroup = F80A31531CB88BF600F01E8E;
			productRefGroup = F80A315D1CB88BF600F01E8E /* Products */;
			projectDirPath = "";
			projectRoot = "";
			targets = (
				F80A315B1CB88BF600F01E8E /* RestaurantApp */,
				F80A316F1CB88BF600F01E8E /* RestaurantAppTests */,
				F80A317A1CB88BF600F01E8E /* RestaurantAppUITests */,
			);
		};
/* End PBXProject section */

/* Begin PBXResourcesBuildPhase section */
		F80A315A1CB88BF600F01E8E /* Resources */ = {
			isa = PBXResourcesBuildPhase;
			buildActionMask = 2147483647;
			files = (
				F80A316A1CB88BF600F01E8E /* LaunchScreen.storyboard in Resources */,
				F80A31671CB88BF600F01E8E /* Assets.xcassets in Resources */,
				F80A31651CB88BF600F01E8E /* Main.storyboard in Resources */,
			);
			runOnlyForDeploymentPostprocessing = 0;
		};
		F80A316E1CB88BF600F01E8E /* Resources */ = {
			isa = PBXResourcesBuildPhase;
			buildActionMask = 2147483647;
			files = (
			);
			runOnlyForDeploymentPostprocessing = 0;
		};
		F80A31791CB88BF600F01E8E /* Resources */ = {
			isa = PBXResourcesBuildPhase;
			buildActionMask = 2147483647;
			files = (
			);
			runOnlyForDeploymentPostprocessing = 0;
		};
/* End PBXResourcesBuildPhase section */

/* Begin PBXSourcesBuildPhase section */
		F80A31581CB88BF600F01E8E /* Sources */ = {
			isa = PBXSourcesBuildPhase;
			buildActionMask = 2147483647;
			files = (
				F897A4001CBB8DA9005F5825 /* DetailTableViewController.swift in Sources */,
				F80A31621CB88BF600F01E8E /* ViewController.swift in Sources */,
				F897A4021CBB97C2005F5825 /* DetailTableViewCell.swift in Sources */,
				F8A364A51CBE4168006706BA /* MapViewController.swift in Sources */,
				F80A31601CB88BF600F01E8E /* AppDelegate.swift in Sources */,
				F8563D491CBB80FB00A58796 /* Restaurant.swift in Sources */,
				F8AE68FE1CB8E01B009490E2 /* CustomTableViewCell.swift in Sources */,
				F80A31901CB8AA0300F01E8E /* RestaurantsTableViewController.swift in Sources */,
				F8C005D11CBDEFA600AF8431 /* ReviewViewController.swift in Sources */,
			);
			runOnlyForDeploymentPostprocessing = 0;
		};
		F80A316C1CB88BF600F01E8E /* Sources */ = {
			isa = PBXSourcesBuildPhase;
			buildActionMask = 2147483647;
			files = (
				F80A31751CB88BF600F01E8E /* RestaurantAppTests.swift in Sources */,
			);
			runOnlyForDeploymentPostprocessing = 0;
		};
		F80A31771CB88BF600F01E8E /* Sources */ = {
			isa = PBXSourcesBuildPhase;
			buildActionMask = 2147483647;
			files = (
				F80A31801CB88BF600F01E8E /* RestaurantAppUITests.swift in Sources */,
			);
			runOnlyForDeploymentPostprocessing = 0;
		};
/* End PBXSourcesBuildPhase section */

/* Begin PBXTargetDependency section */
		F80A31721CB88BF600F01E8E /* PBXTargetDependency */ = {
			isa = PBXTargetDependency;
			target = F80A315B1CB88BF600F01E8E /* RestaurantApp */;
			targetProxy = F80A31711CB88BF600F01E8E /* PBXContainerItemProxy */;
		};
		F80A317D1CB88BF600F01E8E /* PBXTargetDependency */ = {
			isa = PBXTargetDependency;
			target = F80A315B1CB88BF600F01E8E /* RestaurantApp */;
			targetProxy = F80A317C1CB88BF600F01E8E /* PBXContainerItemProxy */;
		};
/* End PBXTargetDependency section */

/* Begin PBXVariantGroup section */
		F80A31631CB88BF600F01E8E /* Main.storyboard */ = {
			isa = PBXVariantGroup;
			children = (
				F80A31641CB88BF600F01E8E /* Base */,
			);
			name = Main.storyboard;
			sourceTree = "<group>";
		};
		F80A31681CB88BF600F01E8E /* LaunchScreen.storyboard */ = {
			isa = PBXVariantGroup;
			children = (
				F80A31691CB88BF600F01E8E /* Base */,
			);
			name = LaunchScreen.storyboard;
			sourceTree = "<group>";
		};
/* End PBXVariantGroup section */

/* Begin XCBuildConfiguration section */
		F80A31821CB88BF600F01E8E /* Debug */ = {
			isa = XCBuildConfiguration;
			buildSettings = {
				ALWAYS_SEARCH_USER_PATHS = NO;
				CLANG_ANALYZER_NONNULL = YES;
				CLANG_CXX_LANGUAGE_STANDARD = "gnu++0x";
				CLANG_CXX_LIBRARY = "libc++";
				CLANG_ENABLE_MODULES = YES;
				CLANG_ENABLE_OBJC_ARC = YES;
				CLANG_WARN_BOOL_CONVERSION = YES;
				CLANG_WARN_CONSTANT_CONVERSION = YES;
				CLANG_WARN_DIRECT_OBJC_ISA_USAGE = YES_ERROR;
				CLANG_WARN_EMPTY_BODY = YES;
				CLANG_WARN_ENUM_CONVERSION = YES;
				CLANG_WARN_INT_CONVERSION = YES;
				CLANG_WARN_OBJC_ROOT_CLASS = YES_ERROR;
				CLANG_WARN_UNREACHABLE_CODE = YES;
				CLANG_WARN__DUPLICATE_METHOD_MATCH = YES;
				"CODE_SIGN_IDENTITY[sdk=iphoneos*]" = "iPhone Developer";
				COPY_PHASE_STRIP = NO;
				DEBUG_INFORMATION_FORMAT = dwarf;
				ENABLE_STRICT_OBJC_MSGSEND = YES;
				ENABLE_TESTABILITY = YES;
				GCC_C_LANGUAGE_STANDARD = gnu99;
				GCC_DYNAMIC_NO_PIC = NO;
				GCC_NO_COMMON_BLOCKS = YES;
				GCC_OPTIMIZATION_LEVEL = 0;
				GCC_PREPROCESSOR_DEFINITIONS = (
					"DEBUG=1",
					"$(inherited)",
				);
				GCC_WARN_64_TO_32_BIT_CONVERSION = YES;
				GCC_WARN_ABOUT_RETURN_TYPE = YES_ERROR;
				GCC_WARN_UNDECLARED_SELECTOR = YES;
				GCC_WARN_UNINITIALIZED_AUTOS = YES_AGGRESSIVE;
				GCC_WARN_UNUSED_FUNCTION = YES;
				GCC_WARN_UNUSED_VARIABLE = YES;
				IPHONEOS_DEPLOYMENT_TARGET = 9.3;
				MTL_ENABLE_DEBUG_INFO = YES;
				ONLY_ACTIVE_ARCH = YES;
				SDKROOT = iphoneos;
				SWIFT_OPTIMIZATION_LEVEL = "-Onone";
			};
			name = Debug;
		};
		F80A31831CB88BF600F01E8E /* Release */ = {
			isa = XCBuildConfiguration;
			buildSettings = {
				ALWAYS_SEARCH_USER_PATHS = NO;
				CLANG_ANALYZER_NONNULL = YES;
				CLANG_CXX_LANGUAGE_STANDARD = "gnu++0x";
				CLANG_CXX_LIBRARY = "libc++";
				CLANG_ENABLE_MODULES = YES;
				CLANG_ENABLE_OBJC_ARC = YES;
				CLANG_WARN_BOOL_CONVERSION = YES;
				CLANG_WARN_CONSTANT_CONVERSION = YES;
				CLANG_WARN_DIRECT_OBJC_ISA_USAGE = YES_ERROR;
				CLANG_WARN_EMPTY_BODY = YES;
				CLANG_WARN_ENUM_CONVERSION = YES;
				CLANG_WARN_INT_CONVERSION = YES;
				CLANG_WARN_OBJC_ROOT_CLASS = YES_ERROR;
				CLANG_WARN_UNREACHABLE_CODE = YES;
				CLANG_WARN__DUPLICATE_METHOD_MATCH = YES;
				"CODE_SIGN_IDENTITY[sdk=iphoneos*]" = "iPhone Developer";
				COPY_PHASE_STRIP = NO;
				DEBUG_INFORMATION_FORMAT = "dwarf-with-dsym";
				ENABLE_NS_ASSERTIONS = NO;
				ENABLE_STRICT_OBJC_MSGSEND = YES;
				GCC_C_LANGUAGE_STANDARD = gnu99;
				GCC_NO_COMMON_BLOCKS = YES;
				GCC_WARN_64_TO_32_BIT_CONVERSION = YES;
				GCC_WARN_ABOUT_RETURN_TYPE = YES_ERROR;
				GCC_WARN_UNDECLARED_SELECTOR = YES;
				GCC_WARN_UNINITIALIZED_AUTOS = YES_AGGRESSIVE;
				GCC_WARN_UNUSED_FUNCTION = YES;
				GCC_WARN_UNUSED_VARIABLE = YES;
				IPHONEOS_DEPLOYMENT_TARGET = 9.3;
				MTL_ENABLE_DEBUG_INFO = NO;
				SDKROOT = iphoneos;
				VALIDATE_PRODUCT = YES;
			};
			name = Release;
		};
		F80A31851CB88BF600F01E8E /* Debug */ = {
			isa = XCBuildConfiguration;
			buildSettings = {
				ASSETCATALOG_COMPILER_APPICON_NAME = AppIcon;
				ENABLE_BITCODE = NO;
				INFOPLIST_FILE = RestaurantApp/Info.plist;
				LD_RUNPATH_SEARCH_PATHS = "$(inherited) @executable_path/Frameworks";
				PRODUCT_BUNDLE_IDENTIFIER = com.TonyShmily.RestaurantApp;
				PRODUCT_NAME = "吃货点评";
			};
			name = Debug;
		};
		F80A31861CB88BF600F01E8E /* Release */ = {
			isa = XCBuildConfiguration;
			buildSettings = {
				ASSETCATALOG_COMPILER_APPICON_NAME = AppIcon;
				ENABLE_BITCODE = NO;
				INFOPLIST_FILE = RestaurantApp/Info.plist;
				LD_RUNPATH_SEARCH_PATHS = "$(inherited) @executable_path/Frameworks";
				PRODUCT_BUNDLE_IDENTIFIER = com.TonyShmily.RestaurantApp;
				PRODUCT_NAME = "吃货点评";
			};
			name = Release;
		};
		F80A31881CB88BF600F01E8E /* Debug */ = {
			isa = XCBuildConfiguration;
			buildSettings = {
				BUNDLE_LOADER = "$(TEST_HOST)";
				INFOPLIST_FILE = RestaurantAppTests/Info.plist;
				LD_RUNPATH_SEARCH_PATHS = "$(inherited) @executable_path/Frameworks @loader_path/Frameworks";
				PRODUCT_BUNDLE_IDENTIFIER = com.TonyShmily.RestaurantAppTests;
				PRODUCT_NAME = "$(TARGET_NAME)";
				TEST_HOST = "$(BUILT_PRODUCTS_DIR)/RestaurantApp.app/RestaurantApp";
			};
			name = Debug;
		};
		F80A31891CB88BF600F01E8E /* Release */ = {
			isa = XCBuildConfiguration;
			buildSettings = {
				BUNDLE_LOADER = "$(TEST_HOST)";
				INFOPLIST_FILE = RestaurantAppTests/Info.plist;
				LD_RUNPATH_SEARCH_PATHS = "$(inherited) @executable_path/Frameworks @loader_path/Frameworks";
				PRODUCT_BUNDLE_IDENTIFIER = com.TonyShmily.RestaurantAppTests;
				PRODUCT_NAME = "$(TARGET_NAME)";
				TEST_HOST = "$(BUILT_PRODUCTS_DIR)/RestaurantApp.app/RestaurantApp";
			};
			name = Release;
		};
		F80A318B1CB88BF600F01E8E /* Debug */ = {
			isa = XCBuildConfiguration;
			buildSettings = {
				INFOPLIST_FILE = RestaurantAppUITests/Info.plist;
				LD_RUNPATH_SEARCH_PATHS = "$(inherited) @executable_path/Frameworks @loader_path/Frameworks";
				PRODUCT_BUNDLE_IDENTIFIER = com.TonyShmily.RestaurantAppUITests;
				PRODUCT_NAME = "$(TARGET_NAME)";
				TEST_TARGET_NAME = RestaurantApp;
			};
			name = Debug;
		};
		F80A318C1CB88BF600F01E8E /* Release */ = {
			isa = XCBuildConfiguration;
			buildSettings = {
				INFOPLIST_FILE = RestaurantAppUITests/Info.plist;
				LD_RUNPATH_SEARCH_PATHS = "$(inherited) @executable_path/Frameworks @loader_path/Frameworks";
				PRODUCT_BUNDLE_IDENTIFIER = com.TonyShmily.RestaurantAppUITests;
				PRODUCT_NAME = "$(TARGET_NAME)";
				TEST_TARGET_NAME = RestaurantApp;
			};
			name = Release;
		};
/* End XCBuildConfiguration section */

/* Begin XCConfigurationList section */
		F80A31571CB88BF600F01E8E /* Build configuration list for PBXProject "RestaurantApp" */ = {
			isa = XCConfigurationList;
			buildConfigurations = (
				F80A31821CB88BF600F01E8E /* Debug */,
				F80A31831CB88BF600F01E8E /* Release */,
			);
			defaultConfigurationIsVisible = 0;
			defaultConfigurationName = Release;
		};
		F80A31841CB88BF600F01E8E /* Build configuration list for PBXNativeTarget "RestaurantApp" */ = {
			isa = XCConfigurationList;
			buildConfigurations = (
				F80A31851CB88BF600F01E8E /* Debug */,
				F80A31861CB88BF600F01E8E /* Release */,
			);
			defaultConfigurationIsVisible = 0;
			defaultConfigurationName = Release;
		};
		F80A31871CB88BF600F01E8E /* Build configuration list for PBXNativeTarget "RestaurantAppTests" */ = {
			isa = XCConfigurationList;
			buildConfigurations = (
				F80A31881CB88BF600F01E8E /* Debug */,
				F80A31891CB88BF600F01E8E /* Release */,
			);
			defaultConfigurationIsVisible = 0;
			defaultConfigurationName = Release;
		};
		F80A318A1CB88BF600F01E8E /* Build configuration list for PBXNativeTarget "RestaurantAppUITests" */ = {
			isa = XCConfigurationList;
			buildConfigurations = (
				F80A318B1CB88BF600F01E8E /* Debug */,
				F80A318C1CB88BF600F01E8E /* Release */,
			);
			defaultConfigurationIsVisible = 0;
			defaultConfigurationName = Release;
		};
/* End XCConfigurationList section */
	};
	rootObject = F80A31541CB88BF600F01E8E /* Project object */;
}
